
Microsoft Visual Studio Solution File, Format Version 12.00
# Visual Studio Version 16
VisualStudioVersion = 16.0.29613.14
MinimumVisualStudioVersion = 10.0.40219.1
Project("{FAE04EC0-301F-11D3-BF4B-00C04F79EFBC}") = "InventorySystem", "InventorySystem\InventorySystem.csproj", "{145DFD16-D195-48A9-BD77-3F84EC712FD8}"
EndProject
Project("{FAE04EC0-301F-11D3-BF4B-00C04F79EFBC}") = "InventorySystem.Tests", "InventorySystem.Tests\InventorySystem.Tests.csproj", "{993CE40F-4B9B-4BA6-883C-5C1F5B2BB849}"
EndProject
Global
	GlobalSection(SolutionConfigurationPlatforms) = preSolution
		Debug|Any CPU = Debug|Any CPU
		Release|Any CPU = Release|Any CPU
	EndGlobalSection
	GlobalSection(ProjectConfigurationPlatforms) = postSolution
		{145DFD16-D195-48A9-BD77-3F84EC712FD8}.Debug|Any CPU.ActiveCfg = Debug|Any CPU
		{145DFD16-D195-48A9-BD77-3F84EC712FD8}.Debug|Any CPU.Build.0 = Debug|Any CPU
		{145DFD16-D195-48A9-BD77-3F84EC712FD8}.Release|Any CPU.ActiveCfg = Release|Any CPU
		{145DFD16-D195-48A9-BD77-3F84EC712FD8}.Release|Any CPU.Build.0 = Release|Any CPU
		{993CE40F-4B9B-4BA6-883C-5C1F5B2BB849}.Debug|Any CPU.ActiveCfg = Debug|Any CPU
		{993CE40F-4B9B-4BA6-883C-5C1F5B2BB849}.Debug|Any CPU.Build.0 = Debug|Any CPU
		{993CE40F-4B9B-4BA6-883C-5C1F5B2BB849}.Release|Any CPU.ActiveCfg = Release|Any CPU
		{993CE40F-4B9B-4BA6-883C-5C1F5B2BB849}.Release|Any CPU.Build.0 = Release|Any CPU
	EndGlobalSection
	GlobalSection(SolutionProperties) = preSolution
		HideSolutionNode = FALSE
	EndGlobalSection
	GlobalSection(ExtensibilityGlobals) = postSolution
		SolutionGuid = {F246F207-3B44-4BC2-AED4-3A0356EAE1B7}
	EndGlobalSection
EndGlobal
